
Microsoft Visual Studio Solution File, Format Version 12.00
# Visual Studio Version 16
VisualStudioVersion = 16.0.34114.132
MinimumVisualStudioVersion = 10.0.40219.1
Project("{8BC9CEB8-8B4A-11D0-8D11-00A0C91BC942}") = "LJHProjects", "LJHProjects\LJHProjects.vcxproj", "{B1F22A55-296F-4BB2-84B3-924265CA1FEE}"
EndProject
Project("{8BC9CEB8-8B4A-11D0-8D11-00A0C91BC942}") = "CLang_0", "CLang_0\CLang_0.vcxproj", "{F9881A2A-2F2B-4274-978F-12E7F718DA8A}"
EndProject
Project("{8BC9CEB8-8B4A-11D0-8D11-00A0C91BC942}") = "CLang_01", "CLang_01\CLang_01.vcxproj", "{F93DC8B7-273C-4F4B-8B37-EA89869CA9B0}"
EndProject
Project("{2150E333-8FDC-42A3-9474-1A3956D46DE8}") = "CLang", "CLang", "{87AD7C53-0B24-4D50-9007-9E3D2B6BB97E}"
EndProject
Project("{8BC9CEB8-8B4A-11D0-8D11-00A0C91BC942}") = "CLang_02", "CLang_02\CLang_02.vcxproj", "{0CCEF4D7-4CD2-4C38-94D2-B8471F07787A}"
EndProject
Project("{8BC9CEB8-8B4A-11D0-8D11-00A0C91BC942}") = "PointNode", "PointNode\PointNode.vcxproj", "{23381ACC-9658-446A-AF37-810D31FA9294}"
EndProject
Project("{8BC9CEB8-8B4A-11D0-8D11-00A0C91BC942}") = "TempleteStack", "TempleteStack\TempleteStack.vcxproj", "{9BD0AC3E-A1D5-497A-8B25-07C9EF5F464A}"
EndProject
Project("{8BC9CEB8-8B4A-11D0-8D11-00A0C91BC942}") = "TestGame_0", "testGame_0\testGame_0.vcxproj", "{C81EE5E1-280C-4C34-A78A-4217927173FE}"
EndProject
Project("{2150E333-8FDC-42A3-9474-1A3956D46DE8}") = "WindowsAPI", "WindowsAPI", "{11F03D50-0C66-436C-96C6-FF88321087B1}"
EndProject
Project("{8BC9CEB8-8B4A-11D0-8D11-00A0C91BC942}") = "WindowsSample_0", "WindowSample_0\WindowSample_0.vcxproj", "{2F1F3C88-A9BB-4C9A-BE6E-30C299F18DCD}"
EndProject
Project("{8BC9CEB8-8B4A-11D0-8D11-00A0C91BC942}") = "MyWindowsProject_0", "MyWindowsProject_0\MyWindowsProject_0.vcxproj", "{0EDB563B-F804-4932-864C-0DB87350768D}"
EndProject
Project("{2150E333-8FDC-42A3-9474-1A3956D46DE8}") = "Net", "Net", "{30E903A1-D090-4862-BAD5-9057DBCBBAFE}"
EndProject
Project("{8BC9CEB8-8B4A-11D0-8D11-00A0C91BC942}") = "Net_Client", "Net_Client\Net_Client.vcxproj", "{E5BB5491-8513-47CE-A967-5126C99B76C4}"
EndProject
Project("{8BC9CEB8-8B4A-11D0-8D11-00A0C91BC942}") = "NET_Server", "NET_Server\NET_Server.vcxproj", "{F3CE330D-3376-45EE-8DD8-8956FA8BB1E5}"
EndProject
Project("{2150E333-8FDC-42A3-9474-1A3956D46DE8}") = "thread", "thread", "{D6F4FC15-18EB-4DA3-BBB8-B4847C50D730}"
EndProject
Project("{2150E333-8FDC-42A3-9474-1A3956D46DE8}") = "echo", "echo", "{037240E3-4C21-4B60-8FBA-81C3EC97D461}"
EndProject
Project("{8BC9CEB8-8B4A-11D0-8D11-00A0C91BC942}") = "Net_Cilent_thread", "Net_Cilent_thread\Net_Cilent_thread.vcxproj", "{5159F37C-A6C9-4E95-957D-5FCE2D6D7B37}"
EndProject
Project("{8BC9CEB8-8B4A-11D0-8D11-00A0C91BC942}") = "Net_Server_thread", "Net_Server_thread\Net_Server_thread.vcxproj", "{D8C0B51C-43AC-4909-99B0-0B938BA5161A}"
EndProject
Project("{2150E333-8FDC-42A3-9474-1A3956D46DE8}") = "TCP IP Socket Programming", "TCP IP Socket Programming", "{8A131523-343D-49AC-9338-5D57BC03893D}"
EndProject
Project("{8BC9CEB8-8B4A-11D0-8D11-00A0C91BC942}") = "InitWinsock", "InitWinsock\InitWinsock.vcxproj", "{E1E8CE1C-03E0-468F-8377-0BDF496A3D9C}"
EndProject
Project("{2150E333-8FDC-42A3-9474-1A3956D46DE8}") = "Chapter 2", "Chapter 2", "{B1A4610E-1FD9-45DB-9584-92BEDD64C6F8}"
EndProject
Project("{8BC9CEB8-8B4A-11D0-8D11-00A0C91BC942}") = "Chapter2 practice", "Chapter2 practice\Chapter2 practice.vcxproj", "{6B4532BA-0AC6-4217-BCA5-7583CCCE054E}"
EndProject
Project("{2150E333-8FDC-42A3-9474-1A3956D46DE8}") = "Chapter 3", "Chapter 3", "{2FCEC4BD-E550-416A-89FC-68BD5135695B}"
EndProject
Project("{8BC9CEB8-8B4A-11D0-8D11-00A0C91BC942}") = "ByteOrder", "ByteOrder\ByteOrder.vcxproj", "{94A1EFF1-13E6-4080-9B11-2B7D5189CCFB}"
EndProject
Project("{2150E333-8FDC-42A3-9474-1A3956D46DE8}") = "DX", "DX", "{543DBC62-BCCF-48F3-942B-691F9E8BE922}"
EndProject
Project("{8BC9CEB8-8B4A-11D0-8D11-00A0C91BC942}") = "CreateDevice1", "CreateDevice1\CreateDevice1.vcxproj", "{D4D41AD8-D984-4CD5-8C5E-62BDE3B43866}"
EndProject
Project("{8BC9CEB8-8B4A-11D0-8D11-00A0C91BC942}") = "CreateDevice2", "CreateDevice2\CreateDevice2.vcxproj", "{EFD29825-BB32-4A16-B8E6-CCB8B45E6746}"
EndProject
Project("{8BC9CEB8-8B4A-11D0-8D11-00A0C91BC942}") = "CreateTexure0", "CreateTexture0\CreateTexure0.vcxproj", "{9C70DE1E-2B7C-4F56-B3EC-AAEFB2FD23ED}"
EndProject
Project("{8BC9CEB8-8B4A-11D0-8D11-00A0C91BC942}") = "CreateTexture2", "CreateTexture2\CreateTexture2.vcxproj", "{5CEE500A-16BD-4F64-B4AB-8B0A9AE06854}"
EndProject
Project("{2150E333-8FDC-42A3-9474-1A3956D46DE8}") = "basic", "basic", "{489FFF8B-07DF-46DD-B91D-B59081D7A73F}"
EndProject
Project("{8BC9CEB8-8B4A-11D0-8D11-00A0C91BC942}") = "CreateSprite0", "CreateSprite0\CreateSprite0.vcxproj", "{CFFA27EB-AA39-4C87-B995-E44013DCE6E5}"
EndProject
Project("{2150E333-8FDC-42A3-9474-1A3956D46DE8}") = "Sprite", "Sprite", "{AB841C4C-015A-4406-9A26-0C6E6644035C}"
EndProject
Project("{2150E333-8FDC-42A3-9474-1A3956D46DE8}") = "Practice", "Practice", "{8A5E1C6A-FAAC-42ED-B7CC-C69EA373EEC8}"
EndProject
Project("{8BC9CEB8-8B4A-11D0-8D11-00A0C91BC942}") = "PracticeProject_0", "PracticeProject_0\PracticeProject_0.vcxproj", "{E565855E-D7E1-4FA4-AD64-BE17908B9658}"
EndProject
Project("{8BC9CEB8-8B4A-11D0-8D11-00A0C91BC942}") = "PracticeProject_1", "PracticeProject_1\PracticeProject_1.vcxproj", "{94DA6523-5D8C-48AD-9B7B-48DE6180DD60}"
EndProject
Project("{2150E333-8FDC-42A3-9474-1A3956D46DE8}") = "shader", "shader", "{48531F69-B880-41D1-9EBE-FE4866007253}"
EndProject
Project("{8BC9CEB8-8B4A-11D0-8D11-00A0C91BC942}") = "My2DGame", "My2DGame\My2DGame.vcxproj", "{7305BA9D-D630-4832-9F6F-AE0B4EA0DC3D}"
EndProject
Project("{2150E333-8FDC-42A3-9474-1A3956D46DE8}") = "Legacy", "Legacy", "{6E589B0B-0466-4D4B-AFB8-BD00B3211405}"
EndProject
Project("{2150E333-8FDC-42A3-9474-1A3956D46DE8}") = "Inflearn all in one", "Inflearn all in one", "{43BB8B3C-97BE-4A0D-90AA-22FEFDE7B629}"
EndProject
Project("{8BC9CEB8-8B4A-11D0-8D11-00A0C91BC942}") = "GameCoding", "GameCoding\GameCoding.vcxproj", "{B919C0F3-0290-440D-AD36-3866EABBDE7E}"
EndProject
Project("{2150E333-8FDC-42A3-9474-1A3956D46DE8}") = "practice", "practice", "{6F58FE6B-1B18-4254-917F-A22D2E9B75FF}"
EndProject
Project("{8BC9CEB8-8B4A-11D0-8D11-00A0C91BC942}") = "CppPractice01", "CppPractice01\CppPractice01.vcxproj", "{CA4B3F0E-07F0-41E9-87C9-5C3588F9B1B7}"
EndProject
Project("{2150E333-8FDC-42A3-9474-1A3956D46DE8}") = "Game", "Game", "{3A3E3AFA-44C3-44A6-A8F1-3BE1053647FD}"
EndProject
Project("{8BC9CEB8-8B4A-11D0-8D11-00A0C91BC942}") = "CreateWindow", "CreateWindow\CreateWindow.vcxproj", "{1890629B-1C76-4D4C-ABBE-D8E193FDBE86}"
EndProject
Project("{8BC9CEB8-8B4A-11D0-8D11-00A0C91BC942}") = "CreateDevice", "CreateDevice\CreateDevice.vcxproj", "{96A2516D-0B70-448E-A0C3-7DD6D9EA64D4}"
EndProject
Project("{8BC9CEB8-8B4A-11D0-8D11-00A0C91BC942}") = "CreateInput", "CreateInput\CreateInput.vcxproj", "{A3CB91C7-8FB8-43E3-9548-4C8D57008F37}"
EndProject
Project("{8BC9CEB8-8B4A-11D0-8D11-00A0C91BC942}") = "CreateWriter", "CreateWriter\CreateWriter.vcxproj", "{31D4D83B-D1A2-49C3-BB27-55EE41FC2B0A}"
EndProject
Project("{8BC9CEB8-8B4A-11D0-8D11-00A0C91BC942}") = "CreatePlane", "CreatePlane\CreatePlane.vcxproj", "{753D4B3E-E4A2-4907-AAF4-867D9C4BD977}"
EndProject
Project("{8BC9CEB8-8B4A-11D0-8D11-00A0C91BC942}") = "CreatePlane_1", "CreatePlane_1\CreatePlane_1.vcxproj", "{07B786B5-F0CC-4CCA-A5C7-30112223A8BC}"
EndProject
Project("{8BC9CEB8-8B4A-11D0-8D11-00A0C91BC942}") = "CreateObject_0", "CreateObject_0\CreateObject_0.vcxproj", "{67F8F16F-99F4-45E6-8905-1CE0DF8A09BF}"
EndProject
Project("{8BC9CEB8-8B4A-11D0-8D11-00A0C91BC942}") = "CreateObject_T", "CreateObject_T\CreateObject_T.vcxproj", "{DC964280-C4C8-446A-A21E-67C504DE3849}"
EndProject
Project("{8BC9CEB8-8B4A-11D0-8D11-00A0C91BC942}") = "CreateMovement_0", "CreateMovement_0\CreateMovement_0.vcxproj", "{C3C92FFD-3285-4284-8E4E-32D91665FD48}"
EndProject
Project("{8BC9CEB8-8B4A-11D0-8D11-00A0C91BC942}") = "ObjectTransform_0", "ObjectTransform_0\ObjectTransform_0.vcxproj", "{9C353EFE-5041-4F77-AE19-75E6FB2E6627}"
EndProject
Project("{8BC9CEB8-8B4A-11D0-8D11-00A0C91BC942}") = "ObjectCamera", "ObjectCamera\ObjectCamera.vcxproj", "{427EFDBF-9284-4CD8-A6E5-F31A406959F2}"
EndProject
Project("{8BC9CEB8-8B4A-11D0-8D11-00A0C91BC942}") = "ObjectAlphaBlend", "ObjectAlphaBlend\ObjectAlphaBlend.vcxproj", "{C954B5B1-5152-4DF5-9109-AF0C12AC96BD}"
EndProject
Project("{8BC9CEB8-8B4A-11D0-8D11-00A0C91BC942}") = "ObjectManager", "ObjectManager\ObjectManager.vcxproj", "{D2B41B2C-D74D-464D-A13D-447F17CF8A53}"
EndProject
Project("{8BC9CEB8-8B4A-11D0-8D11-00A0C91BC942}") = "PlaySound", "PlaySound\PlaySound.vcxproj", "{71A86C6F-4DB4-43DF-B76B-8DE13710E578}"
EndProject
Project("{8BC9CEB8-8B4A-11D0-8D11-00A0C91BC942}") = "CreateSprite", "CreateSprite\CreateSprite.vcxproj", "{5216C414-E28D-435B-86D9-540201562492}"
EndProject
Project("{8BC9CEB8-8B4A-11D0-8D11-00A0C91BC942}") = "CreateSceneManager", "CreateSceneManager\CreateSceneManager.vcxproj", "{FE431D69-881C-4A22-B42D-BC267DADCC5D}"
EndProject
Project("{2150E333-8FDC-42A3-9474-1A3956D46DE8}") = "DirectX_2D_Project", "DirectX_2D_Project", "{B95335A2-6E69-45EC-8A1A-410A050DA3F2}"
EndProject
Project("{8BC9CEB8-8B4A-11D0-8D11-00A0C91BC942}") = "VampireSurvivorsReplica", "VampireSurvivorsReplica\VampireSurvivorsReplica.vcxproj", "{D16A267F-7901-49DA-9210-352C79224B13}"
EndProject
Global
	GlobalSection(SolutionConfigurationPlatforms) = preSolution
		Debug|x64 = Debug|x64
		Debug|x86 = Debug|x86
		Release|x64 = Release|x64
		Release|x86 = Release|x86
	EndGlobalSection
	GlobalSection(ProjectConfigurationPlatforms) = postSolution
		{B1F22A55-296F-4BB2-84B3-924265CA1FEE}.Debug|x64.ActiveCfg = Debug|x64
		{B1F22A55-296F-4BB2-84B3-924265CA1FEE}.Debug|x64.Build.0 = Debug|x64
		{B1F22A55-296F-4BB2-84B3-924265CA1FEE}.Debug|x86.ActiveCfg = Debug|Win32
		{B1F22A55-296F-4BB2-84B3-924265CA1FEE}.Debug|x86.Build.0 = Debug|Win32
		{B1F22A55-296F-4BB2-84B3-924265CA1FEE}.Release|x64.ActiveCfg = Release|x64
		{B1F22A55-296F-4BB2-84B3-924265CA1FEE}.Release|x64.Build.0 = Release|x64
		{B1F22A55-296F-4BB2-84B3-924265CA1FEE}.Release|x86.ActiveCfg = Release|Win32
		{B1F22A55-296F-4BB2-84B3-924265CA1FEE}.Release|x86.Build.0 = Release|Win32
		{F9881A2A-2F2B-4274-978F-12E7F718DA8A}.Debug|x64.ActiveCfg = Debug|x64
		{F9881A2A-2F2B-4274-978F-12E7F718DA8A}.Debug|x64.Build.0 = Debug|x64
		{F9881A2A-2F2B-4274-978F-12E7F718DA8A}.Debug|x86.ActiveCfg = Debug|Win32
		{F9881A2A-2F2B-4274-978F-12E7F718DA8A}.Debug|x86.Build.0 = Debug|Win32
		{F9881A2A-2F2B-4274-978F-12E7F718DA8A}.Release|x64.ActiveCfg = Release|x64
		{F9881A2A-2F2B-4274-978F-12E7F718DA8A}.Release|x64.Build.0 = Release|x64
		{F9881A2A-2F2B-4274-978F-12E7F718DA8A}.Release|x86.ActiveCfg = Release|Win32
		{F9881A2A-2F2B-4274-978F-12E7F718DA8A}.Release|x86.Build.0 = Release|Win32
		{F93DC8B7-273C-4F4B-8B37-EA89869CA9B0}.Debug|x64.ActiveCfg = Debug|x64
		{F93DC8B7-273C-4F4B-8B37-EA89869CA9B0}.Debug|x64.Build.0 = Debug|x64
		{F93DC8B7-273C-4F4B-8B37-EA89869CA9B0}.Debug|x86.ActiveCfg = Debug|Win32
		{F93DC8B7-273C-4F4B-8B37-EA89869CA9B0}.Debug|x86.Build.0 = Debug|Win32
		{F93DC8B7-273C-4F4B-8B37-EA89869CA9B0}.Release|x64.ActiveCfg = Release|x64
		{F93DC8B7-273C-4F4B-8B37-EA89869CA9B0}.Release|x64.Build.0 = Release|x64
		{F93DC8B7-273C-4F4B-8B37-EA89869CA9B0}.Release|x86.ActiveCfg = Release|Win32
		{F93DC8B7-273C-4F4B-8B37-EA89869CA9B0}.Release|x86.Build.0 = Release|Win32
		{0CCEF4D7-4CD2-4C38-94D2-B8471F07787A}.Debug|x64.ActiveCfg = Debug|x64
		{0CCEF4D7-4CD2-4C38-94D2-B8471F07787A}.Debug|x64.Build.0 = Debug|x64
		{0CCEF4D7-4CD2-4C38-94D2-B8471F07787A}.Debug|x86.ActiveCfg = Debug|Win32
		{0CCEF4D7-4CD2-4C38-94D2-B8471F07787A}.Debug|x86.Build.0 = Debug|Win32
		{0CCEF4D7-4CD2-4C38-94D2-B8471F07787A}.Release|x64.ActiveCfg = Release|x64
		{0CCEF4D7-4CD2-4C38-94D2-B8471F07787A}.Release|x64.Build.0 = Release|x64
		{0CCEF4D7-4CD2-4C38-94D2-B8471F07787A}.Release|x86.ActiveCfg = Release|Win32
		{0CCEF4D7-4CD2-4C38-94D2-B8471F07787A}.Release|x86.Build.0 = Release|Win32
		{23381ACC-9658-446A-AF37-810D31FA9294}.Debug|x64.ActiveCfg = Debug|x64
		{23381ACC-9658-446A-AF37-810D31FA9294}.Debug|x64.Build.0 = Debug|x64
		{23381ACC-9658-446A-AF37-810D31FA9294}.Debug|x86.ActiveCfg = Debug|Win32
		{23381ACC-9658-446A-AF37-810D31FA9294}.Debug|x86.Build.0 = Debug|Win32
		{23381ACC-9658-446A-AF37-810D31FA9294}.Release|x64.ActiveCfg = Release|x64
		{23381ACC-9658-446A-AF37-810D31FA9294}.Release|x64.Build.0 = Release|x64
		{23381ACC-9658-446A-AF37-810D31FA9294}.Release|x86.ActiveCfg = Release|Win32
		{23381ACC-9658-446A-AF37-810D31FA9294}.Release|x86.Build.0 = Release|Win32
		{9BD0AC3E-A1D5-497A-8B25-07C9EF5F464A}.Debug|x64.ActiveCfg = Debug|x64
		{9BD0AC3E-A1D5-497A-8B25-07C9EF5F464A}.Debug|x64.Build.0 = Debug|x64
		{9BD0AC3E-A1D5-497A-8B25-07C9EF5F464A}.Debug|x86.ActiveCfg = Debug|Win32
		{9BD0AC3E-A1D5-497A-8B25-07C9EF5F464A}.Debug|x86.Build.0 = Debug|Win32
		{9BD0AC3E-A1D5-497A-8B25-07C9EF5F464A}.Release|x64.ActiveCfg = Release|x64
		{9BD0AC3E-A1D5-497A-8B25-07C9EF5F464A}.Release|x64.Build.0 = Release|x64
		{9BD0AC3E-A1D5-497A-8B25-07C9EF5F464A}.Release|x86.ActiveCfg = Release|Win32
		{9BD0AC3E-A1D5-497A-8B25-07C9EF5F464A}.Release|x86.Build.0 = Release|Win32
		{C81EE5E1-280C-4C34-A78A-4217927173FE}.Debug|x64.ActiveCfg = Debug|x64
		{C81EE5E1-280C-4C34-A78A-4217927173FE}.Debug|x64.Build.0 = Debug|x64
		{C81EE5E1-280C-4C34-A78A-4217927173FE}.Debug|x86.ActiveCfg = Debug|Win32
		{C81EE5E1-280C-4C34-A78A-4217927173FE}.Debug|x86.Build.0 = Debug|Win32
		{C81EE5E1-280C-4C34-A78A-4217927173FE}.Release|x64.ActiveCfg = Release|x64
		{C81EE5E1-280C-4C34-A78A-4217927173FE}.Release|x64.Build.0 = Release|x64
		{C81EE5E1-280C-4C34-A78A-4217927173FE}.Release|x86.ActiveCfg = Release|Win32
		{C81EE5E1-280C-4C34-A78A-4217927173FE}.Release|x86.Build.0 = Release|Win32
		{2F1F3C88-A9BB-4C9A-BE6E-30C299F18DCD}.Debug|x64.ActiveCfg = Debug|x64
		{2F1F3C88-A9BB-4C9A-BE6E-30C299F18DCD}.Debug|x64.Build.0 = Debug|x64
		{2F1F3C88-A9BB-4C9A-BE6E-30C299F18DCD}.Debug|x86.ActiveCfg = Debug|Win32
		{2F1F3C88-A9BB-4C9A-BE6E-30C299F18DCD}.Debug|x86.Build.0 = Debug|Win32
		{2F1F3C88-A9BB-4C9A-BE6E-30C299F18DCD}.Release|x64.ActiveCfg = Release|x64
		{2F1F3C88-A9BB-4C9A-BE6E-30C299F18DCD}.Release|x64.Build.0 = Release|x64
		{2F1F3C88-A9BB-4C9A-BE6E-30C299F18DCD}.Release|x86.ActiveCfg = Release|Win32
		{2F1F3C88-A9BB-4C9A-BE6E-30C299F18DCD}.Release|x86.Build.0 = Release|Win32
		{0EDB563B-F804-4932-864C-0DB87350768D}.Debug|x64.ActiveCfg = Debug|x64
		{0EDB563B-F804-4932-864C-0DB87350768D}.Debug|x64.Build.0 = Debug|x64
		{0EDB563B-F804-4932-864C-0DB87350768D}.Debug|x86.ActiveCfg = Debug|Win32
		{0EDB563B-F804-4932-864C-0DB87350768D}.Debug|x86.Build.0 = Debug|Win32
		{0EDB563B-F804-4932-864C-0DB87350768D}.Release|x64.ActiveCfg = Release|x64
		{0EDB563B-F804-4932-864C-0DB87350768D}.Release|x64.Build.0 = Release|x64
		{0EDB563B-F804-4932-864C-0DB87350768D}.Release|x86.ActiveCfg = Release|Win32
		{0EDB563B-F804-4932-864C-0DB87350768D}.Release|x86.Build.0 = Release|Win32
		{E5BB5491-8513-47CE-A967-5126C99B76C4}.Debug|x64.ActiveCfg = Debug|x64
		{E5BB5491-8513-47CE-A967-5126C99B76C4}.Debug|x64.Build.0 = Debug|x64
		{E5BB5491-8513-47CE-A967-5126C99B76C4}.Debug|x86.ActiveCfg = Debug|Win32
		{E5BB5491-8513-47CE-A967-5126C99B76C4}.Debug|x86.Build.0 = Debug|Win32
		{E5BB5491-8513-47CE-A967-5126C99B76C4}.Release|x64.ActiveCfg = Release|x64
		{E5BB5491-8513-47CE-A967-5126C99B76C4}.Release|x64.Build.0 = Release|x64
		{E5BB5491-8513-47CE-A967-5126C99B76C4}.Release|x86.ActiveCfg = Release|Win32
		{E5BB5491-8513-47CE-A967-5126C99B76C4}.Release|x86.Build.0 = Release|Win32
		{F3CE330D-3376-45EE-8DD8-8956FA8BB1E5}.Debug|x64.ActiveCfg = Debug|x64
		{F3CE330D-3376-45EE-8DD8-8956FA8BB1E5}.Debug|x64.Build.0 = Debug|x64
		{F3CE330D-3376-45EE-8DD8-8956FA8BB1E5}.Debug|x86.ActiveCfg = Debug|Win32
		{F3CE330D-3376-45EE-8DD8-8956FA8BB1E5}.Debug|x86.Build.0 = Debug|Win32
		{F3CE330D-3376-45EE-8DD8-8956FA8BB1E5}.Release|x64.ActiveCfg = Release|x64
		{F3CE330D-3376-45EE-8DD8-8956FA8BB1E5}.Release|x64.Build.0 = Release|x64
		{F3CE330D-3376-45EE-8DD8-8956FA8BB1E5}.Release|x86.ActiveCfg = Release|Win32
		{F3CE330D-3376-45EE-8DD8-8956FA8BB1E5}.Release|x86.Build.0 = Release|Win32
		{5159F37C-A6C9-4E95-957D-5FCE2D6D7B37}.Debug|x64.ActiveCfg = Debug|x64
		{5159F37C-A6C9-4E95-957D-5FCE2D6D7B37}.Debug|x64.Build.0 = Debug|x64
		{5159F37C-A6C9-4E95-957D-5FCE2D6D7B37}.Debug|x86.ActiveCfg = Debug|Win32
		{5159F37C-A6C9-4E95-957D-5FCE2D6D7B37}.Debug|x86.Build.0 = Debug|Win32
		{5159F37C-A6C9-4E95-957D-5FCE2D6D7B37}.Release|x64.ActiveCfg = Release|x64
		{5159F37C-A6C9-4E95-957D-5FCE2D6D7B37}.Release|x64.Build.0 = Release|x64
		{5159F37C-A6C9-4E95-957D-5FCE2D6D7B37}.Release|x86.ActiveCfg = Release|Win32
		{5159F37C-A6C9-4E95-957D-5FCE2D6D7B37}.Release|x86.Build.0 = Release|Win32
		{D8C0B51C-43AC-4909-99B0-0B938BA5161A}.Debug|x64.ActiveCfg = Debug|x64
		{D8C0B51C-43AC-4909-99B0-0B938BA5161A}.Debug|x64.Build.0 = Debug|x64
		{D8C0B51C-43AC-4909-99B0-0B938BA5161A}.Debug|x86.ActiveCfg = Debug|Win32
		{D8C0B51C-43AC-4909-99B0-0B938BA5161A}.Debug|x86.Build.0 = Debug|Win32
		{D8C0B51C-43AC-4909-99B0-0B938BA5161A}.Release|x64.ActiveCfg = Release|x64
		{D8C0B51C-43AC-4909-99B0-0B938BA5161A}.Release|x64.Build.0 = Release|x64
		{D8C0B51C-43AC-4909-99B0-0B938BA5161A}.Release|x86.ActiveCfg = Release|Win32
		{D8C0B51C-43AC-4909-99B0-0B938BA5161A}.Release|x86.Build.0 = Release|Win32
		{E1E8CE1C-03E0-468F-8377-0BDF496A3D9C}.Debug|x64.ActiveCfg = Debug|x64
		{E1E8CE1C-03E0-468F-8377-0BDF496A3D9C}.Debug|x64.Build.0 = Debug|x64
		{E1E8CE1C-03E0-468F-8377-0BDF496A3D9C}.Debug|x86.ActiveCfg = Debug|Win32
		{E1E8CE1C-03E0-468F-8377-0BDF496A3D9C}.Debug|x86.Build.0 = Debug|Win32
		{E1E8CE1C-03E0-468F-8377-0BDF496A3D9C}.Release|x64.ActiveCfg = Release|x64
		{E1E8CE1C-03E0-468F-8377-0BDF496A3D9C}.Release|x64.Build.0 = Release|x64
		{E1E8CE1C-03E0-468F-8377-0BDF496A3D9C}.Release|x86.ActiveCfg = Release|Win32
		{E1E8CE1C-03E0-468F-8377-0BDF496A3D9C}.Release|x86.Build.0 = Release|Win32
		{6B4532BA-0AC6-4217-BCA5-7583CCCE054E}.Debug|x64.ActiveCfg = Debug|x64
		{6B4532BA-0AC6-4217-BCA5-7583CCCE054E}.Debug|x64.Build.0 = Debug|x64
		{6B4532BA-0AC6-4217-BCA5-7583CCCE054E}.Debug|x86.ActiveCfg = Debug|Win32
		{6B4532BA-0AC6-4217-BCA5-7583CCCE054E}.Debug|x86.Build.0 = Debug|Win32
		{6B4532BA-0AC6-4217-BCA5-7583CCCE054E}.Release|x64.ActiveCfg = Release|x64
		{6B4532BA-0AC6-4217-BCA5-7583CCCE054E}.Release|x64.Build.0 = Release|x64
		{6B4532BA-0AC6-4217-BCA5-7583CCCE054E}.Release|x86.ActiveCfg = Release|Win32
		{6B4532BA-0AC6-4217-BCA5-7583CCCE054E}.Release|x86.Build.0 = Release|Win32
		{94A1EFF1-13E6-4080-9B11-2B7D5189CCFB}.Debug|x64.ActiveCfg = Debug|x64
		{94A1EFF1-13E6-4080-9B11-2B7D5189CCFB}.Debug|x64.Build.0 = Debug|x64
		{94A1EFF1-13E6-4080-9B11-2B7D5189CCFB}.Debug|x86.ActiveCfg = Debug|Win32
		{94A1EFF1-13E6-4080-9B11-2B7D5189CCFB}.Debug|x86.Build.0 = Debug|Win32
		{94A1EFF1-13E6-4080-9B11-2B7D5189CCFB}.Release|x64.ActiveCfg = Release|x64
		{94A1EFF1-13E6-4080-9B11-2B7D5189CCFB}.Release|x64.Build.0 = Release|x64
		{94A1EFF1-13E6-4080-9B11-2B7D5189CCFB}.Release|x86.ActiveCfg = Release|Win32
		{94A1EFF1-13E6-4080-9B11-2B7D5189CCFB}.Release|x86.Build.0 = Release|Win32
		{D4D41AD8-D984-4CD5-8C5E-62BDE3B43866}.Debug|x64.ActiveCfg = Debug|x64
		{D4D41AD8-D984-4CD5-8C5E-62BDE3B43866}.Debug|x64.Build.0 = Debug|x64
		{D4D41AD8-D984-4CD5-8C5E-62BDE3B43866}.Debug|x86.ActiveCfg = Debug|Win32
		{D4D41AD8-D984-4CD5-8C5E-62BDE3B43866}.Debug|x86.Build.0 = Debug|Win32
		{D4D41AD8-D984-4CD5-8C5E-62BDE3B43866}.Release|x64.ActiveCfg = Release|x64
		{D4D41AD8-D984-4CD5-8C5E-62BDE3B43866}.Release|x64.Build.0 = Release|x64
		{D4D41AD8-D984-4CD5-8C5E-62BDE3B43866}.Release|x86.ActiveCfg = Release|Win32
		{D4D41AD8-D984-4CD5-8C5E-62BDE3B43866}.Release|x86.Build.0 = Release|Win32
		{EFD29825-BB32-4A16-B8E6-CCB8B45E6746}.Debug|x64.ActiveCfg = Debug|x64
		{EFD29825-BB32-4A16-B8E6-CCB8B45E6746}.Debug|x64.Build.0 = Debug|x64
		{EFD29825-BB32-4A16-B8E6-CCB8B45E6746}.Debug|x86.ActiveCfg = Debug|Win32
		{EFD29825-BB32-4A16-B8E6-CCB8B45E6746}.Debug|x86.Build.0 = Debug|Win32
		{EFD29825-BB32-4A16-B8E6-CCB8B45E6746}.Release|x64.ActiveCfg = Release|x64
		{EFD29825-BB32-4A16-B8E6-CCB8B45E6746}.Release|x64.Build.0 = Release|x64
		{EFD29825-BB32-4A16-B8E6-CCB8B45E6746}.Release|x86.ActiveCfg = Release|Win32
		{EFD29825-BB32-4A16-B8E6-CCB8B45E6746}.Release|x86.Build.0 = Release|Win32
		{9C70DE1E-2B7C-4F56-B3EC-AAEFB2FD23ED}.Debug|x64.ActiveCfg = Debug|x64
		{9C70DE1E-2B7C-4F56-B3EC-AAEFB2FD23ED}.Debug|x64.Build.0 = Debug|x64
		{9C70DE1E-2B7C-4F56-B3EC-AAEFB2FD23ED}.Debug|x86.ActiveCfg = Debug|Win32
		{9C70DE1E-2B7C-4F56-B3EC-AAEFB2FD23ED}.Debug|x86.Build.0 = Debug|Win32
		{9C70DE1E-2B7C-4F56-B3EC-AAEFB2FD23ED}.Release|x64.ActiveCfg = Release|x64
		{9C70DE1E-2B7C-4F56-B3EC-AAEFB2FD23ED}.Release|x64.Build.0 = Release|x64
		{9C70DE1E-2B7C-4F56-B3EC-AAEFB2FD23ED}.Release|x86.ActiveCfg = Release|Win32
		{9C70DE1E-2B7C-4F56-B3EC-AAEFB2FD23ED}.Release|x86.Build.0 = Release|Win32
		{5CEE500A-16BD-4F64-B4AB-8B0A9AE06854}.Debug|x64.ActiveCfg = Debug|x64
		{5CEE500A-16BD-4F64-B4AB-8B0A9AE06854}.Debug|x64.Build.0 = Debug|x64
		{5CEE500A-16BD-4F64-B4AB-8B0A9AE06854}.Debug|x86.ActiveCfg = Debug|Win32
		{5CEE500A-16BD-4F64-B4AB-8B0A9AE06854}.Debug|x86.Build.0 = Debug|Win32
		{5CEE500A-16BD-4F64-B4AB-8B0A9AE06854}.Release|x64.ActiveCfg = Release|x64
		{5CEE500A-16BD-4F64-B4AB-8B0A9AE06854}.Release|x64.Build.0 = Release|x64
		{5CEE500A-16BD-4F64-B4AB-8B0A9AE06854}.Release|x86.ActiveCfg = Release|Win32
		{5CEE500A-16BD-4F64-B4AB-8B0A9AE06854}.Release|x86.Build.0 = Release|Win32
		{CFFA27EB-AA39-4C87-B995-E44013DCE6E5}.Debug|x64.ActiveCfg = Debug|x64
		{CFFA27EB-AA39-4C87-B995-E44013DCE6E5}.Debug|x64.Build.0 = Debug|x64
		{CFFA27EB-AA39-4C87-B995-E44013DCE6E5}.Debug|x86.ActiveCfg = Debug|Win32
		{CFFA27EB-AA39-4C87-B995-E44013DCE6E5}.Debug|x86.Build.0 = Debug|Win32
		{CFFA27EB-AA39-4C87-B995-E44013DCE6E5}.Release|x64.ActiveCfg = Release|x64
		{CFFA27EB-AA39-4C87-B995-E44013DCE6E5}.Release|x64.Build.0 = Release|x64
		{CFFA27EB-AA39-4C87-B995-E44013DCE6E5}.Release|x86.ActiveCfg = Release|Win32
		{CFFA27EB-AA39-4C87-B995-E44013DCE6E5}.Release|x86.Build.0 = Release|Win32
		{E565855E-D7E1-4FA4-AD64-BE17908B9658}.Debug|x64.ActiveCfg = Debug|x64
		{E565855E-D7E1-4FA4-AD64-BE17908B9658}.Debug|x64.Build.0 = Debug|x64
		{E565855E-D7E1-4FA4-AD64-BE17908B9658}.Debug|x86.ActiveCfg = Debug|Win32
		{E565855E-D7E1-4FA4-AD64-BE17908B9658}.Debug|x86.Build.0 = Debug|Win32
		{E565855E-D7E1-4FA4-AD64-BE17908B9658}.Release|x64.ActiveCfg = Release|x64
		{E565855E-D7E1-4FA4-AD64-BE17908B9658}.Release|x64.Build.0 = Release|x64
		{E565855E-D7E1-4FA4-AD64-BE17908B9658}.Release|x86.ActiveCfg = Release|Win32
		{E565855E-D7E1-4FA4-AD64-BE17908B9658}.Release|x86.Build.0 = Release|Win32
		{94DA6523-5D8C-48AD-9B7B-48DE6180DD60}.Debug|x64.ActiveCfg = Debug|x64
		{94DA6523-5D8C-48AD-9B7B-48DE6180DD60}.Debug|x64.Build.0 = Debug|x64
		{94DA6523-5D8C-48AD-9B7B-48DE6180DD60}.Debug|x86.ActiveCfg = Debug|Win32
		{94DA6523-5D8C-48AD-9B7B-48DE6180DD60}.Debug|x86.Build.0 = Debug|Win32
		{94DA6523-5D8C-48AD-9B7B-48DE6180DD60}.Release|x64.ActiveCfg = Release|x64
		{94DA6523-5D8C-48AD-9B7B-48DE6180DD60}.Release|x64.Build.0 = Release|x64
		{94DA6523-5D8C-48AD-9B7B-48DE6180DD60}.Release|x86.ActiveCfg = Release|Win32
		{94DA6523-5D8C-48AD-9B7B-48DE6180DD60}.Release|x86.Build.0 = Release|Win32
		{7305BA9D-D630-4832-9F6F-AE0B4EA0DC3D}.Debug|x64.ActiveCfg = Debug|x64
		{7305BA9D-D630-4832-9F6F-AE0B4EA0DC3D}.Debug|x64.Build.0 = Debug|x64
		{7305BA9D-D630-4832-9F6F-AE0B4EA0DC3D}.Debug|x86.ActiveCfg = Debug|Win32
		{7305BA9D-D630-4832-9F6F-AE0B4EA0DC3D}.Debug|x86.Build.0 = Debug|Win32
		{7305BA9D-D630-4832-9F6F-AE0B4EA0DC3D}.Release|x64.ActiveCfg = Release|x64
		{7305BA9D-D630-4832-9F6F-AE0B4EA0DC3D}.Release|x64.Build.0 = Release|x64
		{7305BA9D-D630-4832-9F6F-AE0B4EA0DC3D}.Release|x86.ActiveCfg = Release|Win32
		{7305BA9D-D630-4832-9F6F-AE0B4EA0DC3D}.Release|x86.Build.0 = Release|Win32
		{B919C0F3-0290-440D-AD36-3866EABBDE7E}.Debug|x64.ActiveCfg = Debug|x64
		{B919C0F3-0290-440D-AD36-3866EABBDE7E}.Debug|x64.Build.0 = Debug|x64
		{B919C0F3-0290-440D-AD36-3866EABBDE7E}.Debug|x86.ActiveCfg = Debug|Win32
		{B919C0F3-0290-440D-AD36-3866EABBDE7E}.Debug|x86.Build.0 = Debug|Win32
		{B919C0F3-0290-440D-AD36-3866EABBDE7E}.Release|x64.ActiveCfg = Release|x64
		{B919C0F3-0290-440D-AD36-3866EABBDE7E}.Release|x64.Build.0 = Release|x64
		{B919C0F3-0290-440D-AD36-3866EABBDE7E}.Release|x86.ActiveCfg = Release|Win32
		{B919C0F3-0290-440D-AD36-3866EABBDE7E}.Release|x86.Build.0 = Release|Win32
		{CA4B3F0E-07F0-41E9-87C9-5C3588F9B1B7}.Debug|x64.ActiveCfg = Debug|x64
		{CA4B3F0E-07F0-41E9-87C9-5C3588F9B1B7}.Debug|x64.Build.0 = Debug|x64
		{CA4B3F0E-07F0-41E9-87C9-5C3588F9B1B7}.Debug|x86.ActiveCfg = Debug|Win32
		{CA4B3F0E-07F0-41E9-87C9-5C3588F9B1B7}.Debug|x86.Build.0 = Debug|Win32
		{CA4B3F0E-07F0-41E9-87C9-5C3588F9B1B7}.Release|x64.ActiveCfg = Release|x64
		{CA4B3F0E-07F0-41E9-87C9-5C3588F9B1B7}.Release|x64.Build.0 = Release|x64
		{CA4B3F0E-07F0-41E9-87C9-5C3588F9B1B7}.Release|x86.ActiveCfg = Release|Win32
		{CA4B3F0E-07F0-41E9-87C9-5C3588F9B1B7}.Release|x86.Build.0 = Release|Win32
		{1890629B-1C76-4D4C-ABBE-D8E193FDBE86}.Debug|x64.ActiveCfg = Debug|x64
		{1890629B-1C76-4D4C-ABBE-D8E193FDBE86}.Debug|x64.Build.0 = Debug|x64
		{1890629B-1C76-4D4C-ABBE-D8E193FDBE86}.Debug|x86.ActiveCfg = Debug|Win32
		{1890629B-1C76-4D4C-ABBE-D8E193FDBE86}.Debug|x86.Build.0 = Debug|Win32
		{1890629B-1C76-4D4C-ABBE-D8E193FDBE86}.Release|x64.ActiveCfg = Release|x64
		{1890629B-1C76-4D4C-ABBE-D8E193FDBE86}.Release|x64.Build.0 = Release|x64
		{1890629B-1C76-4D4C-ABBE-D8E193FDBE86}.Release|x86.ActiveCfg = Release|Win32
		{1890629B-1C76-4D4C-ABBE-D8E193FDBE86}.Release|x86.Build.0 = Release|Win32
		{96A2516D-0B70-448E-A0C3-7DD6D9EA64D4}.Debug|x64.ActiveCfg = Debug|x64
		{96A2516D-0B70-448E-A0C3-7DD6D9EA64D4}.Debug|x64.Build.0 = Debug|x64
		{96A2516D-0B70-448E-A0C3-7DD6D9EA64D4}.Debug|x86.ActiveCfg = Debug|Win32
		{96A2516D-0B70-448E-A0C3-7DD6D9EA64D4}.Debug|x86.Build.0 = Debug|Win32
		{96A2516D-0B70-448E-A0C3-7DD6D9EA64D4}.Release|x64.ActiveCfg = Release|x64
		{96A2516D-0B70-448E-A0C3-7DD6D9EA64D4}.Release|x64.Build.0 = Release|x64
		{96A2516D-0B70-448E-A0C3-7DD6D9EA64D4}.Release|x86.ActiveCfg = Release|Win32
		{96A2516D-0B70-448E-A0C3-7DD6D9EA64D4}.Release|x86.Build.0 = Release|Win32
		{A3CB91C7-8FB8-43E3-9548-4C8D57008F37}.Debug|x64.ActiveCfg = Debug|x64
		{A3CB91C7-8FB8-43E3-9548-4C8D57008F37}.Debug|x64.Build.0 = Debug|x64
		{A3CB91C7-8FB8-43E3-9548-4C8D57008F37}.Debug|x86.ActiveCfg = Debug|Win32
		{A3CB91C7-8FB8-43E3-9548-4C8D57008F37}.Debug|x86.Build.0 = Debug|Win32
		{A3CB91C7-8FB8-43E3-9548-4C8D57008F37}.Release|x64.ActiveCfg = Release|x64
		{A3CB91C7-8FB8-43E3-9548-4C8D57008F37}.Release|x64.Build.0 = Release|x64
		{A3CB91C7-8FB8-43E3-9548-4C8D57008F37}.Release|x86.ActiveCfg = Release|Win32
		{A3CB91C7-8FB8-43E3-9548-4C8D57008F37}.Release|x86.Build.0 = Release|Win32
		{31D4D83B-D1A2-49C3-BB27-55EE41FC2B0A}.Debug|x64.ActiveCfg = Debug|x64
		{31D4D83B-D1A2-49C3-BB27-55EE41FC2B0A}.Debug|x64.Build.0 = Debug|x64
		{31D4D83B-D1A2-49C3-BB27-55EE41FC2B0A}.Debug|x86.ActiveCfg = Debug|Win32
		{31D4D83B-D1A2-49C3-BB27-55EE41FC2B0A}.Debug|x86.Build.0 = Debug|Win32
		{31D4D83B-D1A2-49C3-BB27-55EE41FC2B0A}.Release|x64.ActiveCfg = Release|x64
		{31D4D83B-D1A2-49C3-BB27-55EE41FC2B0A}.Release|x64.Build.0 = Release|x64
		{31D4D83B-D1A2-49C3-BB27-55EE41FC2B0A}.Release|x86.ActiveCfg = Release|Win32
		{31D4D83B-D1A2-49C3-BB27-55EE41FC2B0A}.Release|x86.Build.0 = Release|Win32
		{753D4B3E-E4A2-4907-AAF4-867D9C4BD977}.Debug|x64.ActiveCfg = Debug|x64
		{753D4B3E-E4A2-4907-AAF4-867D9C4BD977}.Debug|x64.Build.0 = Debug|x64
		{753D4B3E-E4A2-4907-AAF4-867D9C4BD977}.Debug|x86.ActiveCfg = Debug|Win32
		{753D4B3E-E4A2-4907-AAF4-867D9C4BD977}.Debug|x86.Build.0 = Debug|Win32
		{753D4B3E-E4A2-4907-AAF4-867D9C4BD977}.Release|x64.ActiveCfg = Release|x64
		{753D4B3E-E4A2-4907-AAF4-867D9C4BD977}.Release|x64.Build.0 = Release|x64
		{753D4B3E-E4A2-4907-AAF4-867D9C4BD977}.Release|x86.ActiveCfg = Release|Win32
		{753D4B3E-E4A2-4907-AAF4-867D9C4BD977}.Release|x86.Build.0 = Release|Win32
		{07B786B5-F0CC-4CCA-A5C7-30112223A8BC}.Debug|x64.ActiveCfg = Debug|x64
		{07B786B5-F0CC-4CCA-A5C7-30112223A8BC}.Debug|x64.Build.0 = Debug|x64
		{07B786B5-F0CC-4CCA-A5C7-30112223A8BC}.Debug|x86.ActiveCfg = Debug|Win32
		{07B786B5-F0CC-4CCA-A5C7-30112223A8BC}.Debug|x86.Build.0 = Debug|Win32
		{07B786B5-F0CC-4CCA-A5C7-30112223A8BC}.Release|x64.ActiveCfg = Release|x64
		{07B786B5-F0CC-4CCA-A5C7-30112223A8BC}.Release|x64.Build.0 = Release|x64
		{07B786B5-F0CC-4CCA-A5C7-30112223A8BC}.Release|x86.ActiveCfg = Release|Win32
		{07B786B5-F0CC-4CCA-A5C7-30112223A8BC}.Release|x86.Build.0 = Release|Win32
		{67F8F16F-99F4-45E6-8905-1CE0DF8A09BF}.Debug|x64.ActiveCfg = Debug|x64
		{67F8F16F-99F4-45E6-8905-1CE0DF8A09BF}.Debug|x64.Build.0 = Debug|x64
		{67F8F16F-99F4-45E6-8905-1CE0DF8A09BF}.Debug|x86.ActiveCfg = Debug|Win32
		{67F8F16F-99F4-45E6-8905-1CE0DF8A09BF}.Debug|x86.Build.0 = Debug|Win32
		{67F8F16F-99F4-45E6-8905-1CE0DF8A09BF}.Release|x64.ActiveCfg = Release|x64
		{67F8F16F-99F4-45E6-8905-1CE0DF8A09BF}.Release|x64.Build.0 = Release|x64
		{67F8F16F-99F4-45E6-8905-1CE0DF8A09BF}.Release|x86.ActiveCfg = Release|Win32
		{67F8F16F-99F4-45E6-8905-1CE0DF8A09BF}.Release|x86.Build.0 = Release|Win32
		{DC964280-C4C8-446A-A21E-67C504DE3849}.Debug|x64.ActiveCfg = Debug|x64
		{DC964280-C4C8-446A-A21E-67C504DE3849}.Debug|x64.Build.0 = Debug|x64
		{DC964280-C4C8-446A-A21E-67C504DE3849}.Debug|x86.ActiveCfg = Debug|Win32
		{DC964280-C4C8-446A-A21E-67C504DE3849}.Debug|x86.Build.0 = Debug|Win32
		{DC964280-C4C8-446A-A21E-67C504DE3849}.Release|x64.ActiveCfg = Release|x64
		{DC964280-C4C8-446A-A21E-67C504DE3849}.Release|x64.Build.0 = Release|x64
		{DC964280-C4C8-446A-A21E-67C504DE3849}.Release|x86.ActiveCfg = Release|Win32
		{DC964280-C4C8-446A-A21E-67C504DE3849}.Release|x86.Build.0 = Release|Win32
		{C3C92FFD-3285-4284-8E4E-32D91665FD48}.Debug|x64.ActiveCfg = Debug|x64
		{C3C92FFD-3285-4284-8E4E-32D91665FD48}.Debug|x64.Build.0 = Debug|x64
		{C3C92FFD-3285-4284-8E4E-32D91665FD48}.Debug|x86.ActiveCfg = Debug|Win32
		{C3C92FFD-3285-4284-8E4E-32D91665FD48}.Debug|x86.Build.0 = Debug|Win32
		{C3C92FFD-3285-4284-8E4E-32D91665FD48}.Release|x64.ActiveCfg = Release|x64
		{C3C92FFD-3285-4284-8E4E-32D91665FD48}.Release|x64.Build.0 = Release|x64
		{C3C92FFD-3285-4284-8E4E-32D91665FD48}.Release|x86.ActiveCfg = Release|Win32
		{C3C92FFD-3285-4284-8E4E-32D91665FD48}.Release|x86.Build.0 = Release|Win32
		{9C353EFE-5041-4F77-AE19-75E6FB2E6627}.Debug|x64.ActiveCfg = Debug|x64
		{9C353EFE-5041-4F77-AE19-75E6FB2E6627}.Debug|x64.Build.0 = Debug|x64
		{9C353EFE-5041-4F77-AE19-75E6FB2E6627}.Debug|x86.ActiveCfg = Debug|Win32
		{9C353EFE-5041-4F77-AE19-75E6FB2E6627}.Debug|x86.Build.0 = Debug|Win32
		{9C353EFE-5041-4F77-AE19-75E6FB2E6627}.Release|x64.ActiveCfg = Release|x64
		{9C353EFE-5041-4F77-AE19-75E6FB2E6627}.Release|x64.Build.0 = Release|x64
		{9C353EFE-5041-4F77-AE19-75E6FB2E6627}.Release|x86.ActiveCfg = Release|Win32
		{9C353EFE-5041-4F77-AE19-75E6FB2E6627}.Release|x86.Build.0 = Release|Win32
		{427EFDBF-9284-4CD8-A6E5-F31A406959F2}.Debug|x64.ActiveCfg = Debug|x64
		{427EFDBF-9284-4CD8-A6E5-F31A406959F2}.Debug|x64.Build.0 = Debug|x64
		{427EFDBF-9284-4CD8-A6E5-F31A406959F2}.Debug|x86.ActiveCfg = Debug|Win32
		{427EFDBF-9284-4CD8-A6E5-F31A406959F2}.Debug|x86.Build.0 = Debug|Win32
		{427EFDBF-9284-4CD8-A6E5-F31A406959F2}.Release|x64.ActiveCfg = Release|x64
		{427EFDBF-9284-4CD8-A6E5-F31A406959F2}.Release|x64.Build.0 = Release|x64
		{427EFDBF-9284-4CD8-A6E5-F31A406959F2}.Release|x86.ActiveCfg = Release|Win32
		{427EFDBF-9284-4CD8-A6E5-F31A406959F2}.Release|x86.Build.0 = Release|Win32
		{C954B5B1-5152-4DF5-9109-AF0C12AC96BD}.Debug|x64.ActiveCfg = Debug|x64
		{C954B5B1-5152-4DF5-9109-AF0C12AC96BD}.Debug|x64.Build.0 = Debug|x64
		{C954B5B1-5152-4DF5-9109-AF0C12AC96BD}.Debug|x86.ActiveCfg = Debug|Win32
		{C954B5B1-5152-4DF5-9109-AF0C12AC96BD}.Debug|x86.Build.0 = Debug|Win32
		{C954B5B1-5152-4DF5-9109-AF0C12AC96BD}.Release|x64.ActiveCfg = Release|x64
		{C954B5B1-5152-4DF5-9109-AF0C12AC96BD}.Release|x64.Build.0 = Release|x64
		{C954B5B1-5152-4DF5-9109-AF0C12AC96BD}.Release|x86.ActiveCfg = Release|Win32
		{C954B5B1-5152-4DF5-9109-AF0C12AC96BD}.Release|x86.Build.0 = Release|Win32
		{D2B41B2C-D74D-464D-A13D-447F17CF8A53}.Debug|x64.ActiveCfg = Debug|x64
		{D2B41B2C-D74D-464D-A13D-447F17CF8A53}.Debug|x64.Build.0 = Debug|x64
		{D2B41B2C-D74D-464D-A13D-447F17CF8A53}.Debug|x86.ActiveCfg = Debug|Win32
		{D2B41B2C-D74D-464D-A13D-447F17CF8A53}.Debug|x86.Build.0 = Debug|Win32
		{D2B41B2C-D74D-464D-A13D-447F17CF8A53}.Release|x64.ActiveCfg = Release|x64
		{D2B41B2C-D74D-464D-A13D-447F17CF8A53}.Release|x64.Build.0 = Release|x64
		{D2B41B2C-D74D-464D-A13D-447F17CF8A53}.Release|x86.ActiveCfg = Release|Win32
		{D2B41B2C-D74D-464D-A13D-447F17CF8A53}.Release|x86.Build.0 = Release|Win32
		{71A86C6F-4DB4-43DF-B76B-8DE13710E578}.Debug|x64.ActiveCfg = Debug|x64
		{71A86C6F-4DB4-43DF-B76B-8DE13710E578}.Debug|x64.Build.0 = Debug|x64
		{71A86C6F-4DB4-43DF-B76B-8DE13710E578}.Debug|x86.ActiveCfg = Debug|Win32
		{71A86C6F-4DB4-43DF-B76B-8DE13710E578}.Debug|x86.Build.0 = Debug|Win32
		{71A86C6F-4DB4-43DF-B76B-8DE13710E578}.Release|x64.ActiveCfg = Release|x64
		{71A86C6F-4DB4-43DF-B76B-8DE13710E578}.Release|x64.Build.0 = Release|x64
		{71A86C6F-4DB4-43DF-B76B-8DE13710E578}.Release|x86.ActiveCfg = Release|Win32
		{71A86C6F-4DB4-43DF-B76B-8DE13710E578}.Release|x86.Build.0 = Release|Win32
		{5216C414-E28D-435B-86D9-540201562492}.Debug|x64.ActiveCfg = Debug|x64
		{5216C414-E28D-435B-86D9-540201562492}.Debug|x64.Build.0 = Debug|x64
		{5216C414-E28D-435B-86D9-540201562492}.Debug|x86.ActiveCfg = Debug|Win32
		{5216C414-E28D-435B-86D9-540201562492}.Debug|x86.Build.0 = Debug|Win32
		{5216C414-E28D-435B-86D9-540201562492}.Release|x64.ActiveCfg = Release|x64
		{5216C414-E28D-435B-86D9-540201562492}.Release|x64.Build.0 = Release|x64
		{5216C414-E28D-435B-86D9-540201562492}.Release|x86.ActiveCfg = Release|Win32
		{5216C414-E28D-435B-86D9-540201562492}.Release|x86.Build.0 = Release|Win32
		{FE431D69-881C-4A22-B42D-BC267DADCC5D}.Debug|x64.ActiveCfg = Debug|x64
		{FE431D69-881C-4A22-B42D-BC267DADCC5D}.Debug|x64.Build.0 = Debug|x64
		{FE431D69-881C-4A22-B42D-BC267DADCC5D}.Debug|x86.ActiveCfg = Debug|Win32
		{FE431D69-881C-4A22-B42D-BC267DADCC5D}.Debug|x86.Build.0 = Debug|Win32
		{FE431D69-881C-4A22-B42D-BC267DADCC5D}.Release|x64.ActiveCfg = Release|x64
		{FE431D69-881C-4A22-B42D-BC267DADCC5D}.Release|x64.Build.0 = Release|x64
		{FE431D69-881C-4A22-B42D-BC267DADCC5D}.Release|x86.ActiveCfg = Release|Win32
		{FE431D69-881C-4A22-B42D-BC267DADCC5D}.Release|x86.Build.0 = Release|Win32
		{D16A267F-7901-49DA-9210-352C79224B13}.Debug|x64.ActiveCfg = Debug|x64
		{D16A267F-7901-49DA-9210-352C79224B13}.Debug|x64.Build.0 = Debug|x64
		{D16A267F-7901-49DA-9210-352C79224B13}.Debug|x86.ActiveCfg = Debug|Win32
		{D16A267F-7901-49DA-9210-352C79224B13}.Debug|x86.Build.0 = Debug|Win32
		{D16A267F-7901-49DA-9210-352C79224B13}.Release|x64.ActiveCfg = Release|x64
		{D16A267F-7901-49DA-9210-352C79224B13}.Release|x64.Build.0 = Release|x64
		{D16A267F-7901-49DA-9210-352C79224B13}.Release|x86.ActiveCfg = Release|Win32
		{D16A267F-7901-49DA-9210-352C79224B13}.Release|x86.Build.0 = Release|Win32
	EndGlobalSection
	GlobalSection(SolutionProperties) = preSolution
		HideSolutionNode = FALSE
	EndGlobalSection
	GlobalSection(NestedProjects) = preSolution
		{B1F22A55-296F-4BB2-84B3-924265CA1FEE} = {6E589B0B-0466-4D4B-AFB8-BD00B3211405}
		{F9881A2A-2F2B-4274-978F-12E7F718DA8A} = {87AD7C53-0B24-4D50-9007-9E3D2B6BB97E}
		{F93DC8B7-273C-4F4B-8B37-EA89869CA9B0} = {87AD7C53-0B24-4D50-9007-9E3D2B6BB97E}
		{87AD7C53-0B24-4D50-9007-9E3D2B6BB97E} = {6E589B0B-0466-4D4B-AFB8-BD00B3211405}
		{0CCEF4D7-4CD2-4C38-94D2-B8471F07787A} = {87AD7C53-0B24-4D50-9007-9E3D2B6BB97E}
		{23381ACC-9658-446A-AF37-810D31FA9294} = {87AD7C53-0B24-4D50-9007-9E3D2B6BB97E}
		{9BD0AC3E-A1D5-497A-8B25-07C9EF5F464A} = {6E589B0B-0466-4D4B-AFB8-BD00B3211405}
		{C81EE5E1-280C-4C34-A78A-4217927173FE} = {6E589B0B-0466-4D4B-AFB8-BD00B3211405}
		{11F03D50-0C66-436C-96C6-FF88321087B1} = {6E589B0B-0466-4D4B-AFB8-BD00B3211405}
		{2F1F3C88-A9BB-4C9A-BE6E-30C299F18DCD} = {11F03D50-0C66-436C-96C6-FF88321087B1}
		{0EDB563B-F804-4932-864C-0DB87350768D} = {11F03D50-0C66-436C-96C6-FF88321087B1}
		{30E903A1-D090-4862-BAD5-9057DBCBBAFE} = {6E589B0B-0466-4D4B-AFB8-BD00B3211405}
		{E5BB5491-8513-47CE-A967-5126C99B76C4} = {037240E3-4C21-4B60-8FBA-81C3EC97D461}
		{F3CE330D-3376-45EE-8DD8-8956FA8BB1E5} = {037240E3-4C21-4B60-8FBA-81C3EC97D461}
		{D6F4FC15-18EB-4DA3-BBB8-B4847C50D730} = {30E903A1-D090-4862-BAD5-9057DBCBBAFE}
		{037240E3-4C21-4B60-8FBA-81C3EC97D461} = {30E903A1-D090-4862-BAD5-9057DBCBBAFE}
		{5159F37C-A6C9-4E95-957D-5FCE2D6D7B37} = {D6F4FC15-18EB-4DA3-BBB8-B4847C50D730}
		{D8C0B51C-43AC-4909-99B0-0B938BA5161A} = {D6F4FC15-18EB-4DA3-BBB8-B4847C50D730}
		{8A131523-343D-49AC-9338-5D57BC03893D} = {6E589B0B-0466-4D4B-AFB8-BD00B3211405}
		{E1E8CE1C-03E0-468F-8377-0BDF496A3D9C} = {B1A4610E-1FD9-45DB-9584-92BEDD64C6F8}
		{B1A4610E-1FD9-45DB-9584-92BEDD64C6F8} = {8A131523-343D-49AC-9338-5D57BC03893D}
		{6B4532BA-0AC6-4217-BCA5-7583CCCE054E} = {B1A4610E-1FD9-45DB-9584-92BEDD64C6F8}
		{2FCEC4BD-E550-416A-89FC-68BD5135695B} = {8A131523-343D-49AC-9338-5D57BC03893D}
		{94A1EFF1-13E6-4080-9B11-2B7D5189CCFB} = {2FCEC4BD-E550-416A-89FC-68BD5135695B}
		{543DBC62-BCCF-48F3-942B-691F9E8BE922} = {6E589B0B-0466-4D4B-AFB8-BD00B3211405}
		{D4D41AD8-D984-4CD5-8C5E-62BDE3B43866} = {489FFF8B-07DF-46DD-B91D-B59081D7A73F}
		{EFD29825-BB32-4A16-B8E6-CCB8B45E6746} = {489FFF8B-07DF-46DD-B91D-B59081D7A73F}
		{9C70DE1E-2B7C-4F56-B3EC-AAEFB2FD23ED} = {489FFF8B-07DF-46DD-B91D-B59081D7A73F}
		{5CEE500A-16BD-4F64-B4AB-8B0A9AE06854} = {489FFF8B-07DF-46DD-B91D-B59081D7A73F}
		{489FFF8B-07DF-46DD-B91D-B59081D7A73F} = {543DBC62-BCCF-48F3-942B-691F9E8BE922}
		{CFFA27EB-AA39-4C87-B995-E44013DCE6E5} = {AB841C4C-015A-4406-9A26-0C6E6644035C}
		{AB841C4C-015A-4406-9A26-0C6E6644035C} = {543DBC62-BCCF-48F3-942B-691F9E8BE922}
		{8A5E1C6A-FAAC-42ED-B7CC-C69EA373EEC8} = {543DBC62-BCCF-48F3-942B-691F9E8BE922}
		{E565855E-D7E1-4FA4-AD64-BE17908B9658} = {8A5E1C6A-FAAC-42ED-B7CC-C69EA373EEC8}
		{94DA6523-5D8C-48AD-9B7B-48DE6180DD60} = {8A5E1C6A-FAAC-42ED-B7CC-C69EA373EEC8}
		{48531F69-B880-41D1-9EBE-FE4866007253} = {543DBC62-BCCF-48F3-942B-691F9E8BE922}
		{7305BA9D-D630-4832-9F6F-AE0B4EA0DC3D} = {11F03D50-0C66-436C-96C6-FF88321087B1}
		{B919C0F3-0290-440D-AD36-3866EABBDE7E} = {43BB8B3C-97BE-4A0D-90AA-22FEFDE7B629}
		{CA4B3F0E-07F0-41E9-87C9-5C3588F9B1B7} = {6F58FE6B-1B18-4254-917F-A22D2E9B75FF}
		{1890629B-1C76-4D4C-ABBE-D8E193FDBE86} = {3A3E3AFA-44C3-44A6-A8F1-3BE1053647FD}
		{96A2516D-0B70-448E-A0C3-7DD6D9EA64D4} = {3A3E3AFA-44C3-44A6-A8F1-3BE1053647FD}
		{A3CB91C7-8FB8-43E3-9548-4C8D57008F37} = {3A3E3AFA-44C3-44A6-A8F1-3BE1053647FD}
		{31D4D83B-D1A2-49C3-BB27-55EE41FC2B0A} = {3A3E3AFA-44C3-44A6-A8F1-3BE1053647FD}
		{753D4B3E-E4A2-4907-AAF4-867D9C4BD977} = {3A3E3AFA-44C3-44A6-A8F1-3BE1053647FD}
		{07B786B5-F0CC-4CCA-A5C7-30112223A8BC} = {3A3E3AFA-44C3-44A6-A8F1-3BE1053647FD}
		{67F8F16F-99F4-45E6-8905-1CE0DF8A09BF} = {3A3E3AFA-44C3-44A6-A8F1-3BE1053647FD}
		{DC964280-C4C8-446A-A21E-67C504DE3849} = {3A3E3AFA-44C3-44A6-A8F1-3BE1053647FD}
		{C3C92FFD-3285-4284-8E4E-32D91665FD48} = {3A3E3AFA-44C3-44A6-A8F1-3BE1053647FD}
		{9C353EFE-5041-4F77-AE19-75E6FB2E6627} = {3A3E3AFA-44C3-44A6-A8F1-3BE1053647FD}
		{427EFDBF-9284-4CD8-A6E5-F31A406959F2} = {3A3E3AFA-44C3-44A6-A8F1-3BE1053647FD}
		{C954B5B1-5152-4DF5-9109-AF0C12AC96BD} = {3A3E3AFA-44C3-44A6-A8F1-3BE1053647FD}
		{D2B41B2C-D74D-464D-A13D-447F17CF8A53} = {3A3E3AFA-44C3-44A6-A8F1-3BE1053647FD}
		{71A86C6F-4DB4-43DF-B76B-8DE13710E578} = {3A3E3AFA-44C3-44A6-A8F1-3BE1053647FD}
		{5216C414-E28D-435B-86D9-540201562492} = {3A3E3AFA-44C3-44A6-A8F1-3BE1053647FD}
		{FE431D69-881C-4A22-B42D-BC267DADCC5D} = {3A3E3AFA-44C3-44A6-A8F1-3BE1053647FD}
		{D16A267F-7901-49DA-9210-352C79224B13} = {B95335A2-6E69-45EC-8A1A-410A050DA3F2}
	EndGlobalSection
	GlobalSection(ExtensibilityGlobals) = postSolution
		SolutionGuid = {8F799282-41B5-42F1-8B44-0CEE3237F373}
	EndGlobalSection
EndGlobal
