
Microsoft Visual Studio Solution File, Format Version 12.00
# Visual Studio Version 16
VisualStudioVersion = 16.0.34114.132
MinimumVisualStudioVersion = 10.0.40219.1
Project("{8BC9CEB8-8B4A-11D0-8D11-00A0C91BC942}") = "LJHProjects", "LJHProjects\LJHProjects.vcxproj", "{B1F22A55-296F-4BB2-84B3-924265CA1FEE}"
EndProject
Project("{8BC9CEB8-8B4A-11D0-8D11-00A0C91BC942}") = "CLang_0", "CLang_0\CLang_0.vcxproj", "{F9881A2A-2F2B-4274-978F-12E7F718DA8A}"
EndProject
Project("{8BC9CEB8-8B4A-11D0-8D11-00A0C91BC942}") = "CLang_01", "CLang_01\CLang_01.vcxproj", "{F93DC8B7-273C-4F4B-8B37-EA89869CA9B0}"
EndProject
Project("{2150E333-8FDC-42A3-9474-1A3956D46DE8}") = "CLang", "CLang", "{87AD7C53-0B24-4D50-9007-9E3D2B6BB97E}"
EndProject
Project("{8BC9CEB8-8B4A-11D0-8D11-00A0C91BC942}") = "CLang_02", "CLang_02\CLang_02.vcxproj", "{0CCEF4D7-4CD2-4C38-94D2-B8471F07787A}"
EndProject
Project("{8BC9CEB8-8B4A-11D0-8D11-00A0C91BC942}") = "PointNode", "PointNode\PointNode.vcxproj", "{23381ACC-9658-446A-AF37-810D31FA9294}"
EndProject
Project("{8BC9CEB8-8B4A-11D0-8D11-00A0C91BC942}") = "TempleteStack", "TempleteStack\TempleteStack.vcxproj", "{9BD0AC3E-A1D5-497A-8B25-07C9EF5F464A}"
EndProject
Project("{8BC9CEB8-8B4A-11D0-8D11-00A0C91BC942}") = "TestGame_0", "testGame_0\testGame_0.vcxproj", "{C81EE5E1-280C-4C34-A78A-4217927173FE}"
EndProject
Project("{2150E333-8FDC-42A3-9474-1A3956D46DE8}") = "WindowsAPI", "WindowsAPI", "{11F03D50-0C66-436C-96C6-FF88321087B1}"
EndProject
Project("{8BC9CEB8-8B4A-11D0-8D11-00A0C91BC942}") = "WindowsSample_0", "WindowSample_0\WindowSample_0.vcxproj", "{2F1F3C88-A9BB-4C9A-BE6E-30C299F18DCD}"
EndProject
Project("{8BC9CEB8-8B4A-11D0-8D11-00A0C91BC942}") = "MyWindowsProject_0", "MyWindowsProject_0\MyWindowsProject_0.vcxproj", "{0EDB563B-F804-4932-864C-0DB87350768D}"
EndProject
Project("{2150E333-8FDC-42A3-9474-1A3956D46DE8}") = "Net", "Net", "{30E903A1-D090-4862-BAD5-9057DBCBBAFE}"
EndProject
Project("{8BC9CEB8-8B4A-11D0-8D11-00A0C91BC942}") = "Net_Client", "Net_Client\Net_Client.vcxproj", "{E5BB5491-8513-47CE-A967-5126C99B76C4}"
EndProject
Project("{8BC9CEB8-8B4A-11D0-8D11-00A0C91BC942}") = "NET_Server", "NET_Server\NET_Server.vcxproj", "{F3CE330D-3376-45EE-8DD8-8956FA8BB1E5}"
EndProject
Project("{2150E333-8FDC-42A3-9474-1A3956D46DE8}") = "thread", "thread", "{D6F4FC15-18EB-4DA3-BBB8-B4847C50D730}"
EndProject
Project("{2150E333-8FDC-42A3-9474-1A3956D46DE8}") = "echo", "echo", "{037240E3-4C21-4B60-8FBA-81C3EC97D461}"
EndProject
Project("{8BC9CEB8-8B4A-11D0-8D11-00A0C91BC942}") = "Net_Cilent_thread", "Net_Cilent_thread\Net_Cilent_thread.vcxproj", "{5159F37C-A6C9-4E95-957D-5FCE2D6D7B37}"
EndProject
Project("{8BC9CEB8-8B4A-11D0-8D11-00A0C91BC942}") = "Net_Server_thread", "Net_Server_thread\Net_Server_thread.vcxproj", "{D8C0B51C-43AC-4909-99B0-0B938BA5161A}"
EndProject
Project("{2150E333-8FDC-42A3-9474-1A3956D46DE8}") = "TCP IP Socket Programming", "TCP IP Socket Programming", "{8A131523-343D-49AC-9338-5D57BC03893D}"
EndProject
Project("{8BC9CEB8-8B4A-11D0-8D11-00A0C91BC942}") = "InitWinsock", "InitWinsock\InitWinsock.vcxproj", "{E1E8CE1C-03E0-468F-8377-0BDF496A3D9C}"
EndProject
Project("{2150E333-8FDC-42A3-9474-1A3956D46DE8}") = "Chapter 2", "Chapter 2", "{B1A4610E-1FD9-45DB-9584-92BEDD64C6F8}"
EndProject
Project("{8BC9CEB8-8B4A-11D0-8D11-00A0C91BC942}") = "Chapter2 practice", "Chapter2 practice\Chapter2 practice.vcxproj", "{6B4532BA-0AC6-4217-BCA5-7583CCCE054E}"
EndProject
Project("{2150E333-8FDC-42A3-9474-1A3956D46DE8}") = "Chapter 3", "Chapter 3", "{2FCEC4BD-E550-416A-89FC-68BD5135695B}"
EndProject
Project("{8BC9CEB8-8B4A-11D0-8D11-00A0C91BC942}") = "ByteOrder", "ByteOrder\ByteOrder.vcxproj", "{94A1EFF1-13E6-4080-9B11-2B7D5189CCFB}"
EndProject
Project("{2150E333-8FDC-42A3-9474-1A3956D46DE8}") = "DX", "DX", "{543DBC62-BCCF-48F3-942B-691F9E8BE922}"
EndProject
Project("{8BC9CEB8-8B4A-11D0-8D11-00A0C91BC942}") = "CreateDevice1", "CreateDevice1\CreateDevice1.vcxproj", "{D4D41AD8-D984-4CD5-8C5E-62BDE3B43866}"
EndProject
Project("{8BC9CEB8-8B4A-11D0-8D11-00A0C91BC942}") = "CreateDevice2", "CreateDevice2\CreateDevice2.vcxproj", "{EFD29825-BB32-4A16-B8E6-CCB8B45E6746}"
EndProject
Project("{8BC9CEB8-8B4A-11D0-8D11-00A0C91BC942}") = "CreateTexure0", "CreateTexture0\CreateTexure0.vcxproj", "{9C70DE1E-2B7C-4F56-B3EC-AAEFB2FD23ED}"
EndProject
Global
	GlobalSection(SolutionConfigurationPlatforms) = preSolution
		Debug|x64 = Debug|x64
		Debug|x86 = Debug|x86
		Release|x64 = Release|x64
		Release|x86 = Release|x86
	EndGlobalSection
	GlobalSection(ProjectConfigurationPlatforms) = postSolution
		{B1F22A55-296F-4BB2-84B3-924265CA1FEE}.Debug|x64.ActiveCfg = Debug|x64
		{B1F22A55-296F-4BB2-84B3-924265CA1FEE}.Debug|x64.Build.0 = Debug|x64
		{B1F22A55-296F-4BB2-84B3-924265CA1FEE}.Debug|x86.ActiveCfg = Debug|Win32
		{B1F22A55-296F-4BB2-84B3-924265CA1FEE}.Debug|x86.Build.0 = Debug|Win32
		{B1F22A55-296F-4BB2-84B3-924265CA1FEE}.Release|x64.ActiveCfg = Release|x64
		{B1F22A55-296F-4BB2-84B3-924265CA1FEE}.Release|x64.Build.0 = Release|x64
		{B1F22A55-296F-4BB2-84B3-924265CA1FEE}.Release|x86.ActiveCfg = Release|Win32
		{B1F22A55-296F-4BB2-84B3-924265CA1FEE}.Release|x86.Build.0 = Release|Win32
		{F9881A2A-2F2B-4274-978F-12E7F718DA8A}.Debug|x64.ActiveCfg = Debug|x64
		{F9881A2A-2F2B-4274-978F-12E7F718DA8A}.Debug|x64.Build.0 = Debug|x64
		{F9881A2A-2F2B-4274-978F-12E7F718DA8A}.Debug|x86.ActiveCfg = Debug|Win32
		{F9881A2A-2F2B-4274-978F-12E7F718DA8A}.Debug|x86.Build.0 = Debug|Win32
		{F9881A2A-2F2B-4274-978F-12E7F718DA8A}.Release|x64.ActiveCfg = Release|x64
		{F9881A2A-2F2B-4274-978F-12E7F718DA8A}.Release|x64.Build.0 = Release|x64
		{F9881A2A-2F2B-4274-978F-12E7F718DA8A}.Release|x86.ActiveCfg = Release|Win32
		{F9881A2A-2F2B-4274-978F-12E7F718DA8A}.Release|x86.Build.0 = Release|Win32
		{F93DC8B7-273C-4F4B-8B37-EA89869CA9B0}.Debug|x64.ActiveCfg = Debug|x64
		{F93DC8B7-273C-4F4B-8B37-EA89869CA9B0}.Debug|x64.Build.0 = Debug|x64
		{F93DC8B7-273C-4F4B-8B37-EA89869CA9B0}.Debug|x86.ActiveCfg = Debug|Win32
		{F93DC8B7-273C-4F4B-8B37-EA89869CA9B0}.Debug|x86.Build.0 = Debug|Win32
		{F93DC8B7-273C-4F4B-8B37-EA89869CA9B0}.Release|x64.ActiveCfg = Release|x64
		{F93DC8B7-273C-4F4B-8B37-EA89869CA9B0}.Release|x64.Build.0 = Release|x64
		{F93DC8B7-273C-4F4B-8B37-EA89869CA9B0}.Release|x86.ActiveCfg = Release|Win32
		{F93DC8B7-273C-4F4B-8B37-EA89869CA9B0}.Release|x86.Build.0 = Release|Win32
		{0CCEF4D7-4CD2-4C38-94D2-B8471F07787A}.Debug|x64.ActiveCfg = Debug|x64
		{0CCEF4D7-4CD2-4C38-94D2-B8471F07787A}.Debug|x64.Build.0 = Debug|x64
		{0CCEF4D7-4CD2-4C38-94D2-B8471F07787A}.Debug|x86.ActiveCfg = Debug|Win32
		{0CCEF4D7-4CD2-4C38-94D2-B8471F07787A}.Debug|x86.Build.0 = Debug|Win32
		{0CCEF4D7-4CD2-4C38-94D2-B8471F07787A}.Release|x64.ActiveCfg = Release|x64
		{0CCEF4D7-4CD2-4C38-94D2-B8471F07787A}.Release|x64.Build.0 = Release|x64
		{0CCEF4D7-4CD2-4C38-94D2-B8471F07787A}.Release|x86.ActiveCfg = Release|Win32
		{0CCEF4D7-4CD2-4C38-94D2-B8471F07787A}.Release|x86.Build.0 = Release|Win32
		{23381ACC-9658-446A-AF37-810D31FA9294}.Debug|x64.ActiveCfg = Debug|x64
		{23381ACC-9658-446A-AF37-810D31FA9294}.Debug|x64.Build.0 = Debug|x64
		{23381ACC-9658-446A-AF37-810D31FA9294}.Debug|x86.ActiveCfg = Debug|Win32
		{23381ACC-9658-446A-AF37-810D31FA9294}.Debug|x86.Build.0 = Debug|Win32
		{23381ACC-9658-446A-AF37-810D31FA9294}.Release|x64.ActiveCfg = Release|x64
		{23381ACC-9658-446A-AF37-810D31FA9294}.Release|x64.Build.0 = Release|x64
		{23381ACC-9658-446A-AF37-810D31FA9294}.Release|x86.ActiveCfg = Release|Win32
		{23381ACC-9658-446A-AF37-810D31FA9294}.Release|x86.Build.0 = Release|Win32
		{9BD0AC3E-A1D5-497A-8B25-07C9EF5F464A}.Debug|x64.ActiveCfg = Debug|x64
		{9BD0AC3E-A1D5-497A-8B25-07C9EF5F464A}.Debug|x64.Build.0 = Debug|x64
		{9BD0AC3E-A1D5-497A-8B25-07C9EF5F464A}.Debug|x86.ActiveCfg = Debug|Win32
		{9BD0AC3E-A1D5-497A-8B25-07C9EF5F464A}.Debug|x86.Build.0 = Debug|Win32
		{9BD0AC3E-A1D5-497A-8B25-07C9EF5F464A}.Release|x64.ActiveCfg = Release|x64
		{9BD0AC3E-A1D5-497A-8B25-07C9EF5F464A}.Release|x64.Build.0 = Release|x64
		{9BD0AC3E-A1D5-497A-8B25-07C9EF5F464A}.Release|x86.ActiveCfg = Release|Win32
		{9BD0AC3E-A1D5-497A-8B25-07C9EF5F464A}.Release|x86.Build.0 = Release|Win32
		{C81EE5E1-280C-4C34-A78A-4217927173FE}.Debug|x64.ActiveCfg = Debug|x64
		{C81EE5E1-280C-4C34-A78A-4217927173FE}.Debug|x64.Build.0 = Debug|x64
		{C81EE5E1-280C-4C34-A78A-4217927173FE}.Debug|x86.ActiveCfg = Debug|Win32
		{C81EE5E1-280C-4C34-A78A-4217927173FE}.Debug|x86.Build.0 = Debug|Win32
		{C81EE5E1-280C-4C34-A78A-4217927173FE}.Release|x64.ActiveCfg = Release|x64
		{C81EE5E1-280C-4C34-A78A-4217927173FE}.Release|x64.Build.0 = Release|x64
		{C81EE5E1-280C-4C34-A78A-4217927173FE}.Release|x86.ActiveCfg = Release|Win32
		{C81EE5E1-280C-4C34-A78A-4217927173FE}.Release|x86.Build.0 = Release|Win32
		{2F1F3C88-A9BB-4C9A-BE6E-30C299F18DCD}.Debug|x64.ActiveCfg = Debug|x64
		{2F1F3C88-A9BB-4C9A-BE6E-30C299F18DCD}.Debug|x64.Build.0 = Debug|x64
		{2F1F3C88-A9BB-4C9A-BE6E-30C299F18DCD}.Debug|x86.ActiveCfg = Debug|Win32
		{2F1F3C88-A9BB-4C9A-BE6E-30C299F18DCD}.Debug|x86.Build.0 = Debug|Win32
		{2F1F3C88-A9BB-4C9A-BE6E-30C299F18DCD}.Release|x64.ActiveCfg = Release|x64
		{2F1F3C88-A9BB-4C9A-BE6E-30C299F18DCD}.Release|x64.Build.0 = Release|x64
		{2F1F3C88-A9BB-4C9A-BE6E-30C299F18DCD}.Release|x86.ActiveCfg = Release|Win32
		{2F1F3C88-A9BB-4C9A-BE6E-30C299F18DCD}.Release|x86.Build.0 = Release|Win32
		{0EDB563B-F804-4932-864C-0DB87350768D}.Debug|x64.ActiveCfg = Debug|x64
		{0EDB563B-F804-4932-864C-0DB87350768D}.Debug|x64.Build.0 = Debug|x64
		{0EDB563B-F804-4932-864C-0DB87350768D}.Debug|x86.ActiveCfg = Debug|Win32
		{0EDB563B-F804-4932-864C-0DB87350768D}.Debug|x86.Build.0 = Debug|Win32
		{0EDB563B-F804-4932-864C-0DB87350768D}.Release|x64.ActiveCfg = Release|x64
		{0EDB563B-F804-4932-864C-0DB87350768D}.Release|x64.Build.0 = Release|x64
		{0EDB563B-F804-4932-864C-0DB87350768D}.Release|x86.ActiveCfg = Release|Win32
		{0EDB563B-F804-4932-864C-0DB87350768D}.Release|x86.Build.0 = Release|Win32
		{E5BB5491-8513-47CE-A967-5126C99B76C4}.Debug|x64.ActiveCfg = Debug|x64
		{E5BB5491-8513-47CE-A967-5126C99B76C4}.Debug|x64.Build.0 = Debug|x64
		{E5BB5491-8513-47CE-A967-5126C99B76C4}.Debug|x86.ActiveCfg = Debug|Win32
		{E5BB5491-8513-47CE-A967-5126C99B76C4}.Debug|x86.Build.0 = Debug|Win32
		{E5BB5491-8513-47CE-A967-5126C99B76C4}.Release|x64.ActiveCfg = Release|x64
		{E5BB5491-8513-47CE-A967-5126C99B76C4}.Release|x64.Build.0 = Release|x64
		{E5BB5491-8513-47CE-A967-5126C99B76C4}.Release|x86.ActiveCfg = Release|Win32
		{E5BB5491-8513-47CE-A967-5126C99B76C4}.Release|x86.Build.0 = Release|Win32
		{F3CE330D-3376-45EE-8DD8-8956FA8BB1E5}.Debug|x64.ActiveCfg = Debug|x64
		{F3CE330D-3376-45EE-8DD8-8956FA8BB1E5}.Debug|x64.Build.0 = Debug|x64
		{F3CE330D-3376-45EE-8DD8-8956FA8BB1E5}.Debug|x86.ActiveCfg = Debug|Win32
		{F3CE330D-3376-45EE-8DD8-8956FA8BB1E5}.Debug|x86.Build.0 = Debug|Win32
		{F3CE330D-3376-45EE-8DD8-8956FA8BB1E5}.Release|x64.ActiveCfg = Release|x64
		{F3CE330D-3376-45EE-8DD8-8956FA8BB1E5}.Release|x64.Build.0 = Release|x64
		{F3CE330D-3376-45EE-8DD8-8956FA8BB1E5}.Release|x86.ActiveCfg = Release|Win32
		{F3CE330D-3376-45EE-8DD8-8956FA8BB1E5}.Release|x86.Build.0 = Release|Win32
		{5159F37C-A6C9-4E95-957D-5FCE2D6D7B37}.Debug|x64.ActiveCfg = Debug|x64
		{5159F37C-A6C9-4E95-957D-5FCE2D6D7B37}.Debug|x64.Build.0 = Debug|x64
		{5159F37C-A6C9-4E95-957D-5FCE2D6D7B37}.Debug|x86.ActiveCfg = Debug|Win32
		{5159F37C-A6C9-4E95-957D-5FCE2D6D7B37}.Debug|x86.Build.0 = Debug|Win32
		{5159F37C-A6C9-4E95-957D-5FCE2D6D7B37}.Release|x64.ActiveCfg = Release|x64
		{5159F37C-A6C9-4E95-957D-5FCE2D6D7B37}.Release|x64.Build.0 = Release|x64
		{5159F37C-A6C9-4E95-957D-5FCE2D6D7B37}.Release|x86.ActiveCfg = Release|Win32
		{5159F37C-A6C9-4E95-957D-5FCE2D6D7B37}.Release|x86.Build.0 = Release|Win32
		{D8C0B51C-43AC-4909-99B0-0B938BA5161A}.Debug|x64.ActiveCfg = Debug|x64
		{D8C0B51C-43AC-4909-99B0-0B938BA5161A}.Debug|x64.Build.0 = Debug|x64
		{D8C0B51C-43AC-4909-99B0-0B938BA5161A}.Debug|x86.ActiveCfg = Debug|Win32
		{D8C0B51C-43AC-4909-99B0-0B938BA5161A}.Debug|x86.Build.0 = Debug|Win32
		{D8C0B51C-43AC-4909-99B0-0B938BA5161A}.Release|x64.ActiveCfg = Release|x64
		{D8C0B51C-43AC-4909-99B0-0B938BA5161A}.Release|x64.Build.0 = Release|x64
		{D8C0B51C-43AC-4909-99B0-0B938BA5161A}.Release|x86.ActiveCfg = Release|Win32
		{D8C0B51C-43AC-4909-99B0-0B938BA5161A}.Release|x86.Build.0 = Release|Win32
		{E1E8CE1C-03E0-468F-8377-0BDF496A3D9C}.Debug|x64.ActiveCfg = Debug|x64
		{E1E8CE1C-03E0-468F-8377-0BDF496A3D9C}.Debug|x64.Build.0 = Debug|x64
		{E1E8CE1C-03E0-468F-8377-0BDF496A3D9C}.Debug|x86.ActiveCfg = Debug|Win32
		{E1E8CE1C-03E0-468F-8377-0BDF496A3D9C}.Debug|x86.Build.0 = Debug|Win32
		{E1E8CE1C-03E0-468F-8377-0BDF496A3D9C}.Release|x64.ActiveCfg = Release|x64
		{E1E8CE1C-03E0-468F-8377-0BDF496A3D9C}.Release|x64.Build.0 = Release|x64
		{E1E8CE1C-03E0-468F-8377-0BDF496A3D9C}.Release|x86.ActiveCfg = Release|Win32
		{E1E8CE1C-03E0-468F-8377-0BDF496A3D9C}.Release|x86.Build.0 = Release|Win32
		{6B4532BA-0AC6-4217-BCA5-7583CCCE054E}.Debug|x64.ActiveCfg = Debug|x64
		{6B4532BA-0AC6-4217-BCA5-7583CCCE054E}.Debug|x64.Build.0 = Debug|x64
		{6B4532BA-0AC6-4217-BCA5-7583CCCE054E}.Debug|x86.ActiveCfg = Debug|Win32
		{6B4532BA-0AC6-4217-BCA5-7583CCCE054E}.Debug|x86.Build.0 = Debug|Win32
		{6B4532BA-0AC6-4217-BCA5-7583CCCE054E}.Release|x64.ActiveCfg = Release|x64
		{6B4532BA-0AC6-4217-BCA5-7583CCCE054E}.Release|x64.Build.0 = Release|x64
		{6B4532BA-0AC6-4217-BCA5-7583CCCE054E}.Release|x86.ActiveCfg = Release|Win32
		{6B4532BA-0AC6-4217-BCA5-7583CCCE054E}.Release|x86.Build.0 = Release|Win32
		{94A1EFF1-13E6-4080-9B11-2B7D5189CCFB}.Debug|x64.ActiveCfg = Debug|x64
		{94A1EFF1-13E6-4080-9B11-2B7D5189CCFB}.Debug|x64.Build.0 = Debug|x64
		{94A1EFF1-13E6-4080-9B11-2B7D5189CCFB}.Debug|x86.ActiveCfg = Debug|Win32
		{94A1EFF1-13E6-4080-9B11-2B7D5189CCFB}.Debug|x86.Build.0 = Debug|Win32
		{94A1EFF1-13E6-4080-9B11-2B7D5189CCFB}.Release|x64.ActiveCfg = Release|x64
		{94A1EFF1-13E6-4080-9B11-2B7D5189CCFB}.Release|x64.Build.0 = Release|x64
		{94A1EFF1-13E6-4080-9B11-2B7D5189CCFB}.Release|x86.ActiveCfg = Release|Win32
		{94A1EFF1-13E6-4080-9B11-2B7D5189CCFB}.Release|x86.Build.0 = Release|Win32
		{D4D41AD8-D984-4CD5-8C5E-62BDE3B43866}.Debug|x64.ActiveCfg = Debug|x64
		{D4D41AD8-D984-4CD5-8C5E-62BDE3B43866}.Debug|x64.Build.0 = Debug|x64
		{D4D41AD8-D984-4CD5-8C5E-62BDE3B43866}.Debug|x86.ActiveCfg = Debug|Win32
		{D4D41AD8-D984-4CD5-8C5E-62BDE3B43866}.Debug|x86.Build.0 = Debug|Win32
		{D4D41AD8-D984-4CD5-8C5E-62BDE3B43866}.Release|x64.ActiveCfg = Release|x64
		{D4D41AD8-D984-4CD5-8C5E-62BDE3B43866}.Release|x64.Build.0 = Release|x64
		{D4D41AD8-D984-4CD5-8C5E-62BDE3B43866}.Release|x86.ActiveCfg = Release|Win32
		{D4D41AD8-D984-4CD5-8C5E-62BDE3B43866}.Release|x86.Build.0 = Release|Win32
		{EFD29825-BB32-4A16-B8E6-CCB8B45E6746}.Debug|x64.ActiveCfg = Debug|x64
		{EFD29825-BB32-4A16-B8E6-CCB8B45E6746}.Debug|x64.Build.0 = Debug|x64
		{EFD29825-BB32-4A16-B8E6-CCB8B45E6746}.Debug|x86.ActiveCfg = Debug|Win32
		{EFD29825-BB32-4A16-B8E6-CCB8B45E6746}.Debug|x86.Build.0 = Debug|Win32
		{EFD29825-BB32-4A16-B8E6-CCB8B45E6746}.Release|x64.ActiveCfg = Release|x64
		{EFD29825-BB32-4A16-B8E6-CCB8B45E6746}.Release|x64.Build.0 = Release|x64
		{EFD29825-BB32-4A16-B8E6-CCB8B45E6746}.Release|x86.ActiveCfg = Release|Win32
		{EFD29825-BB32-4A16-B8E6-CCB8B45E6746}.Release|x86.Build.0 = Release|Win32
		{9C70DE1E-2B7C-4F56-B3EC-AAEFB2FD23ED}.Debug|x64.ActiveCfg = Debug|x64
		{9C70DE1E-2B7C-4F56-B3EC-AAEFB2FD23ED}.Debug|x64.Build.0 = Debug|x64
		{9C70DE1E-2B7C-4F56-B3EC-AAEFB2FD23ED}.Debug|x86.ActiveCfg = Debug|Win32
		{9C70DE1E-2B7C-4F56-B3EC-AAEFB2FD23ED}.Debug|x86.Build.0 = Debug|Win32
		{9C70DE1E-2B7C-4F56-B3EC-AAEFB2FD23ED}.Release|x64.ActiveCfg = Release|x64
		{9C70DE1E-2B7C-4F56-B3EC-AAEFB2FD23ED}.Release|x64.Build.0 = Release|x64
		{9C70DE1E-2B7C-4F56-B3EC-AAEFB2FD23ED}.Release|x86.ActiveCfg = Release|Win32
		{9C70DE1E-2B7C-4F56-B3EC-AAEFB2FD23ED}.Release|x86.Build.0 = Release|Win32
	EndGlobalSection
	GlobalSection(SolutionProperties) = preSolution
		HideSolutionNode = FALSE
	EndGlobalSection
	GlobalSection(NestedProjects) = preSolution
		{F9881A2A-2F2B-4274-978F-12E7F718DA8A} = {87AD7C53-0B24-4D50-9007-9E3D2B6BB97E}
		{F93DC8B7-273C-4F4B-8B37-EA89869CA9B0} = {87AD7C53-0B24-4D50-9007-9E3D2B6BB97E}
		{0CCEF4D7-4CD2-4C38-94D2-B8471F07787A} = {87AD7C53-0B24-4D50-9007-9E3D2B6BB97E}
		{23381ACC-9658-446A-AF37-810D31FA9294} = {87AD7C53-0B24-4D50-9007-9E3D2B6BB97E}
		{2F1F3C88-A9BB-4C9A-BE6E-30C299F18DCD} = {11F03D50-0C66-436C-96C6-FF88321087B1}
		{0EDB563B-F804-4932-864C-0DB87350768D} = {11F03D50-0C66-436C-96C6-FF88321087B1}
		{E5BB5491-8513-47CE-A967-5126C99B76C4} = {037240E3-4C21-4B60-8FBA-81C3EC97D461}
		{F3CE330D-3376-45EE-8DD8-8956FA8BB1E5} = {037240E3-4C21-4B60-8FBA-81C3EC97D461}
		{D6F4FC15-18EB-4DA3-BBB8-B4847C50D730} = {30E903A1-D090-4862-BAD5-9057DBCBBAFE}
		{037240E3-4C21-4B60-8FBA-81C3EC97D461} = {30E903A1-D090-4862-BAD5-9057DBCBBAFE}
		{5159F37C-A6C9-4E95-957D-5FCE2D6D7B37} = {D6F4FC15-18EB-4DA3-BBB8-B4847C50D730}
		{D8C0B51C-43AC-4909-99B0-0B938BA5161A} = {D6F4FC15-18EB-4DA3-BBB8-B4847C50D730}
		{E1E8CE1C-03E0-468F-8377-0BDF496A3D9C} = {B1A4610E-1FD9-45DB-9584-92BEDD64C6F8}
		{B1A4610E-1FD9-45DB-9584-92BEDD64C6F8} = {8A131523-343D-49AC-9338-5D57BC03893D}
		{6B4532BA-0AC6-4217-BCA5-7583CCCE054E} = {B1A4610E-1FD9-45DB-9584-92BEDD64C6F8}
		{2FCEC4BD-E550-416A-89FC-68BD5135695B} = {8A131523-343D-49AC-9338-5D57BC03893D}
		{94A1EFF1-13E6-4080-9B11-2B7D5189CCFB} = {2FCEC4BD-E550-416A-89FC-68BD5135695B}
		{D4D41AD8-D984-4CD5-8C5E-62BDE3B43866} = {543DBC62-BCCF-48F3-942B-691F9E8BE922}
		{EFD29825-BB32-4A16-B8E6-CCB8B45E6746} = {543DBC62-BCCF-48F3-942B-691F9E8BE922}
		{9C70DE1E-2B7C-4F56-B3EC-AAEFB2FD23ED} = {543DBC62-BCCF-48F3-942B-691F9E8BE922}
	EndGlobalSection
	GlobalSection(ExtensibilityGlobals) = postSolution
		SolutionGuid = {8F799282-41B5-42F1-8B44-0CEE3237F373}
	EndGlobalSection
EndGlobal
