<?xml version="1.0" encoding="utf-8"?>
<Project ToolsVersion="4.0" xmlns="http://schemas.microsoft.com/developer/msbuild/2003">
  <ItemGroup>
    <ClCompile Include="Sample.cpp" />
    <ClCompile Include="MyActor.cpp" />
    <ClCompile Include="MyCore.cpp" />
    <ClCompile Include="MyDevice.cpp" />
    <ClCompile Include="MyDxObject.cpp" />
    <ClCompile Include="MyInput.cpp" />
    <ClCompile Include="MyMath.cpp" />
    <ClCompile Include="MyTimer.cpp" />
    <ClCompile Include="MyWindow.cpp" />
    <ClCompile Include="MyWriterFont.cpp" />
    <ClCompile Include="MyCollision.cpp" />
  </ItemGroup>
  <ItemGroup>
    <ClInclude Include="Sample.h" />
    <ClInclude Include="MyActor.h" />
    <ClInclude Include="MyCore.h" />
    <ClInclude Include="MyDevice.h" />
    <ClInclude Include="MyDxObject.h" />
    <ClInclude Include="MyInput.h" />
    <ClInclude Include="MyMath.h" />
    <ClInclude Include="MyStd.h" />
    <ClInclude Include="MyTimer.h" />
    <ClInclude Include="MyWindow.h" />
    <ClInclude Include="MyWriterFont.h" />
    <ClInclude Include="MyCollision.h" />
  </ItemGroup>
  <ItemGroup>
    <Text Include="PS.txt">
      <Filter>HLSL</Filter>
    </Text>
    <Text Include="VS.txt">
      <Filter>HLSL</Filter>
    </Text>
  </ItemGroup>
  <ItemGroup>
    <Filter Include="HLSL">
      <UniqueIdentifier>{9034fe73-a4ea-4fb9-a68b-b644815ba31f}</UniqueIdentifier>
    </Filter>
  </ItemGroup>
</Project>